{
  "name": "mac-finder",
  "version": "1.0.0",
  "lockfileVersion": 1,
  "requires": true,
  "dependencies": {
    "@types/node": {
      "version": "16.18.36",
      "resolved": "https://registry.npmjs.org/@types/node/-/node-16.18.36.tgz",
      "integrity": "sha512-8egDX8dE50XyXWH6C6PRCNkTP106DuUrvdrednFouDSmCi7IOvrqr0frznfZaHifHH/3aq/7a7v9N4wdXMqhBQ=="
    },
    "getmac": {
      "version": "5.20.0",
      "resolved": "https://registry.npmjs.org/getmac/-/getmac-5.20.0.tgz",
      "integrity": "sha512-O9T855fb+Hx9dsTJHNv72ZUuA6Y18+BO/0ypPXf6s/tunzXqhc3kbQkNAl+9HVKVlwkWmglHS4LMoJ9YbymKYQ==",
      "requires": {
        "@types/node": "^16.4.7"
      }
    }
  }
}
